{
  "name": "qr-generator-node-lambda",
  "version": "1.0.0",
  "lockfileVersion": 1,
  "requires": true,
  "dependencies": {
    "yaqrcode": {
      "version": "0.2.1",
      "resolved": "https://registry.npmjs.org/yaqrcode/-/yaqrcode-0.2.1.tgz",
      "integrity": "sha1-7xyzMgNJ9rO7MctoCjeouBS9itc="
    }
  }
}
